
Microsoft Visual Studio Solution File, Format Version 12.00
# Visual Studio Version 16
VisualStudioVersion = 16.0.32428.217
MinimumVisualStudioVersion = 10.0.40219.1
Project("{9A19103F-16F7-4668-BE54-9A1E7A4F7556}") = "BibliotecaTravel", "BibliotecaTravel\BibliotecaTravel.csproj", "{CC73D177-C6C7-4CDA-B5FC-EDBDF2E72725}"
EndProject
Project("{9A19103F-16F7-4668-BE54-9A1E7A4F7556}") = "WebApiTests", "WebApiTests\WebApiTests.csproj", "{A8BDD688-1A48-46A3-AE12-03481E274A25}"
EndProject
Global
	GlobalSection(SolutionConfigurationPlatforms) = preSolution
		Debug|Any CPU = Debug|Any CPU
		Release|Any CPU = Release|Any CPU
	EndGlobalSection
	GlobalSection(ProjectConfigurationPlatforms) = postSolution
		{CC73D177-C6C7-4CDA-B5FC-EDBDF2E72725}.Debug|Any CPU.ActiveCfg = Debug|Any CPU
		{CC73D177-C6C7-4CDA-B5FC-EDBDF2E72725}.Debug|Any CPU.Build.0 = Debug|Any CPU
		{CC73D177-C6C7-4CDA-B5FC-EDBDF2E72725}.Release|Any CPU.ActiveCfg = Release|Any CPU
		{CC73D177-C6C7-4CDA-B5FC-EDBDF2E72725}.Release|Any CPU.Build.0 = Release|Any CPU
		{A8BDD688-1A48-46A3-AE12-03481E274A25}.Debug|Any CPU.ActiveCfg = Debug|Any CPU
		{A8BDD688-1A48-46A3-AE12-03481E274A25}.Debug|Any CPU.Build.0 = Debug|Any CPU
		{A8BDD688-1A48-46A3-AE12-03481E274A25}.Release|Any CPU.ActiveCfg = Release|Any CPU
		{A8BDD688-1A48-46A3-AE12-03481E274A25}.Release|Any CPU.Build.0 = Release|Any CPU
	EndGlobalSection
	GlobalSection(SolutionProperties) = preSolution
		HideSolutionNode = FALSE
	EndGlobalSection
	GlobalSection(ExtensibilityGlobals) = postSolution
		SolutionGuid = {87CE0041-F99B-4187-A058-279C9281EE2B}
	EndGlobalSection
EndGlobal
